
Microsoft Visual Studio Solution File, Format Version 12.00
# Visual Studio Version 17
VisualStudioVersion = 17.13.35931.197
MinimumVisualStudioVersion = 10.0.40219.1
Project("{FAE04EC0-301F-11D3-BF4B-00C04F79EFBC}") = "PDKS.Business", "PDKS.Business\PDKS.Business.csproj", "{2E6F52D9-43C6-E460-F86E-BD6C919D9F85}"
EndProject
Project("{FAE04EC0-301F-11D3-BF4B-00C04F79EFBC}") = "PDKS.Common", "PDKS.Common\PDKS.Common.csproj", "{C4030929-918F-EA49-E8AD-D4D0868869CD}"
EndProject
Project("{FAE04EC0-301F-11D3-BF4B-00C04F79EFBC}") = "PDKS.Data", "PDKS.Data\PDKS.Data.csproj", "{97754FE6-8284-71C2-144A-7A9CED1ED745}"
EndProject
Project("{FAE04EC0-301F-11D3-BF4B-00C04F79EFBC}") = "PDKS.WebUI", "PDKS.WebUI\PDKS.WebUI.csproj", "{1CF1A91D-2813-642D-8755-ACE32DC79C6C}"
EndProject
Global
	GlobalSection(SolutionConfigurationPlatforms) = preSolution
		Debug|Any CPU = Debug|Any CPU
		Debug|x64 = Debug|x64
		Debug|x86 = Debug|x86
		Release|Any CPU = Release|Any CPU
		Release|x64 = Release|x64
		Release|x86 = Release|x86
	EndGlobalSection
	GlobalSection(ProjectConfigurationPlatforms) = postSolution
		{2E6F52D9-43C6-E460-F86E-BD6C919D9F85}.Debug|Any CPU.ActiveCfg = Debug|Any CPU
		{2E6F52D9-43C6-E460-F86E-BD6C919D9F85}.Debug|Any CPU.Build.0 = Debug|Any CPU
		{2E6F52D9-43C6-E460-F86E-BD6C919D9F85}.Debug|x64.ActiveCfg = Debug|Any CPU
		{2E6F52D9-43C6-E460-F86E-BD6C919D9F85}.Debug|x64.Build.0 = Debug|Any CPU
		{2E6F52D9-43C6-E460-F86E-BD6C919D9F85}.Debug|x86.ActiveCfg = Debug|Any CPU
		{2E6F52D9-43C6-E460-F86E-BD6C919D9F85}.Debug|x86.Build.0 = Debug|Any CPU
		{2E6F52D9-43C6-E460-F86E-BD6C919D9F85}.Release|Any CPU.ActiveCfg = Release|Any CPU
		{2E6F52D9-43C6-E460-F86E-BD6C919D9F85}.Release|Any CPU.Build.0 = Release|Any CPU
		{2E6F52D9-43C6-E460-F86E-BD6C919D9F85}.Release|x64.ActiveCfg = Release|Any CPU
		{2E6F52D9-43C6-E460-F86E-BD6C919D9F85}.Release|x64.Build.0 = Release|Any CPU
		{2E6F52D9-43C6-E460-F86E-BD6C919D9F85}.Release|x86.ActiveCfg = Release|Any CPU
		{2E6F52D9-43C6-E460-F86E-BD6C919D9F85}.Release|x86.Build.0 = Release|Any CPU
		{C4030929-918F-EA49-E8AD-D4D0868869CD}.Debug|Any CPU.ActiveCfg = Debug|Any CPU
		{C4030929-918F-EA49-E8AD-D4D0868869CD}.Debug|Any CPU.Build.0 = Debug|Any CPU
		{C4030929-918F-EA49-E8AD-D4D0868869CD}.Debug|x64.ActiveCfg = Debug|Any CPU
		{C4030929-918F-EA49-E8AD-D4D0868869CD}.Debug|x64.Build.0 = Debug|Any CPU
		{C4030929-918F-EA49-E8AD-D4D0868869CD}.Debug|x86.ActiveCfg = Debug|Any CPU
		{C4030929-918F-EA49-E8AD-D4D0868869CD}.Debug|x86.Build.0 = Debug|Any CPU
		{C4030929-918F-EA49-E8AD-D4D0868869CD}.Release|Any CPU.ActiveCfg = Release|Any CPU
		{C4030929-918F-EA49-E8AD-D4D0868869CD}.Release|Any CPU.Build.0 = Release|Any CPU
		{C4030929-918F-EA49-E8AD-D4D0868869CD}.Release|x64.ActiveCfg = Release|Any CPU
		{C4030929-918F-EA49-E8AD-D4D0868869CD}.Release|x64.Build.0 = Release|Any CPU
		{C4030929-918F-EA49-E8AD-D4D0868869CD}.Release|x86.ActiveCfg = Release|Any CPU
		{C4030929-918F-EA49-E8AD-D4D0868869CD}.Release|x86.Build.0 = Release|Any CPU
		{97754FE6-8284-71C2-144A-7A9CED1ED745}.Debug|Any CPU.ActiveCfg = Debug|Any CPU
		{97754FE6-8284-71C2-144A-7A9CED1ED745}.Debug|Any CPU.Build.0 = Debug|Any CPU
		{97754FE6-8284-71C2-144A-7A9CED1ED745}.Debug|x64.ActiveCfg = Debug|Any CPU
		{97754FE6-8284-71C2-144A-7A9CED1ED745}.Debug|x64.Build.0 = Debug|Any CPU
		{97754FE6-8284-71C2-144A-7A9CED1ED745}.Debug|x86.ActiveCfg = Debug|Any CPU
		{97754FE6-8284-71C2-144A-7A9CED1ED745}.Debug|x86.Build.0 = Debug|Any CPU
		{97754FE6-8284-71C2-144A-7A9CED1ED745}.Release|Any CPU.ActiveCfg = Release|Any CPU
		{97754FE6-8284-71C2-144A-7A9CED1ED745}.Release|Any CPU.Build.0 = Release|Any CPU
		{97754FE6-8284-71C2-144A-7A9CED1ED745}.Release|x64.ActiveCfg = Release|Any CPU
		{97754FE6-8284-71C2-144A-7A9CED1ED745}.Release|x64.Build.0 = Release|Any CPU
		{97754FE6-8284-71C2-144A-7A9CED1ED745}.Release|x86.ActiveCfg = Release|Any CPU
		{97754FE6-8284-71C2-144A-7A9CED1ED745}.Release|x86.Build.0 = Release|Any CPU
		{1CF1A91D-2813-642D-8755-ACE32DC79C6C}.Debug|Any CPU.ActiveCfg = Debug|Any CPU
		{1CF1A91D-2813-642D-8755-ACE32DC79C6C}.Debug|Any CPU.Build.0 = Debug|Any CPU
		{1CF1A91D-2813-642D-8755-ACE32DC79C6C}.Debug|x64.ActiveCfg = Debug|Any CPU
		{1CF1A91D-2813-642D-8755-ACE32DC79C6C}.Debug|x64.Build.0 = Debug|Any CPU
		{1CF1A91D-2813-642D-8755-ACE32DC79C6C}.Debug|x86.ActiveCfg = Debug|Any CPU
		{1CF1A91D-2813-642D-8755-ACE32DC79C6C}.Debug|x86.Build.0 = Debug|Any CPU
		{1CF1A91D-2813-642D-8755-ACE32DC79C6C}.Release|Any CPU.ActiveCfg = Release|Any CPU
		{1CF1A91D-2813-642D-8755-ACE32DC79C6C}.Release|Any CPU.Build.0 = Release|Any CPU
		{1CF1A91D-2813-642D-8755-ACE32DC79C6C}.Release|x64.ActiveCfg = Release|Any CPU
		{1CF1A91D-2813-642D-8755-ACE32DC79C6C}.Release|x64.Build.0 = Release|Any CPU
		{1CF1A91D-2813-642D-8755-ACE32DC79C6C}.Release|x86.ActiveCfg = Release|Any CPU
		{1CF1A91D-2813-642D-8755-ACE32DC79C6C}.Release|x86.Build.0 = Release|Any CPU
	EndGlobalSection
	GlobalSection(SolutionProperties) = preSolution
		HideSolutionNode = FALSE
	EndGlobalSection
	GlobalSection(ExtensibilityGlobals) = postSolution
		SolutionGuid = {C475887A-B440-42F5-AE67-B51E8B4AEDC4}
	EndGlobalSection
EndGlobal
